
Microsoft Visual Studio Solution File, Format Version 12.00
# Visual Studio Version 17
VisualStudioVersion = 17.5.002.0
MinimumVisualStudioVersion = 10.0.40219.1
Project("{9A19103F-16F7-4668-BE54-9A1E7A4F7556}") = "2D_RPG", "2D_RPG.csproj", "{29856FB1-797C-462F-9076-EFEB8ECF5433}"
EndProject
Global
	GlobalSection(SolutionConfigurationPlatforms) = preSolution
		Debug|Any CPU = Debug|Any CPU
		Release|Any CPU = Release|Any CPU
	EndGlobalSection
	GlobalSection(ProjectConfigurationPlatforms) = postSolution
		{29856FB1-797C-462F-9076-EFEB8ECF5433}.Debug|Any CPU.ActiveCfg = Debug|Any CPU
		{29856FB1-797C-462F-9076-EFEB8ECF5433}.Debug|Any CPU.Build.0 = Debug|Any CPU
		{29856FB1-797C-462F-9076-EFEB8ECF5433}.Release|Any CPU.ActiveCfg = Release|Any CPU
		{29856FB1-797C-462F-9076-EFEB8ECF5433}.Release|Any CPU.Build.0 = Release|Any CPU
	EndGlobalSection
	GlobalSection(SolutionProperties) = preSolution
		HideSolutionNode = FALSE
	EndGlobalSection
	GlobalSection(ExtensibilityGlobals) = postSolution
		SolutionGuid = {30FFAE45-D9AA-4F61-A0FF-F187984E7CC6}
	EndGlobalSection
EndGlobal
